
Microsoft Visual Studio Solution File, Format Version 12.00
Project("{FAE04EC0-301F-11D3-BF4B-00C04F79EFBC}") = "Velura.iOS", "Velura.iOS\Velura.iOS.csproj", "{87B0AA5C-2ED1-4041-B015-34F93C3D5E9B}"
EndProject
Project("{FAE04EC0-301F-11D3-BF4B-00C04F79EFBC}") = "Velura", "Velura\Velura.csproj", "{CCCBB2F9-EE0E-4389-B879-88381258AAA8}"
EndProject
Global
	GlobalSection(SolutionConfigurationPlatforms) = preSolution
		Debug|Any CPU = Debug|Any CPU
		Release|Any CPU = Release|Any CPU
	EndGlobalSection
	GlobalSection(ProjectConfigurationPlatforms) = postSolution
		{87B0AA5C-2ED1-4041-B015-34F93C3D5E9B}.Debug|Any CPU.ActiveCfg = Debug|Any CPU
		{87B0AA5C-2ED1-4041-B015-34F93C3D5E9B}.Debug|Any CPU.Build.0 = Debug|Any CPU
		{87B0AA5C-2ED1-4041-B015-34F93C3D5E9B}.Debug|Any CPU.Deploy.0 = Debug|Any CPU
		{87B0AA5C-2ED1-4041-B015-34F93C3D5E9B}.Release|Any CPU.ActiveCfg = Release|Any CPU
		{87B0AA5C-2ED1-4041-B015-34F93C3D5E9B}.Release|Any CPU.Build.0 = Release|Any CPU
		{87B0AA5C-2ED1-4041-B015-34F93C3D5E9B}.Release|Any CPU.Deploy.0 = Release|Any CPU
		{CCCBB2F9-EE0E-4389-B879-88381258AAA8}.Debug|Any CPU.ActiveCfg = Debug|Any CPU
		{CCCBB2F9-EE0E-4389-B879-88381258AAA8}.Debug|Any CPU.Build.0 = Debug|Any CPU
		{CCCBB2F9-EE0E-4389-B879-88381258AAA8}.Release|Any CPU.ActiveCfg = Release|Any CPU
		{CCCBB2F9-EE0E-4389-B879-88381258AAA8}.Release|Any CPU.Build.0 = Release|Any CPU
	EndGlobalSection
EndGlobal
